
Microsoft Visual Studio Solution File, Format Version 12.00
# Visual Studio 15
VisualStudioVersion = 15.0.28307.1000
MinimumVisualStudioVersion = 10.0.40219.1
Project("{9A19103F-16F7-4668-BE54-9A1E7A4F7556}") = "InSys.Suite", "Application\InSys.Suite\InSys.Suite.csproj", "{7C4276CA-56A0-4949-B847-2BB053D3E6D4}"
EndProject
Project("{2150E333-8FDC-42A3-9474-1A3956D46DE8}") = "Application", "Application", "{C6CB8014-E4F6-414E-ABF4-023EFD3CCD05}"
EndProject
Project("{2150E333-8FDC-42A3-9474-1A3956D46DE8}") = "Module", "Module", "{A5EE0D77-8E27-4579-9A9E-C9DCD0F9C22C}"
EndProject
Project("{2150E333-8FDC-42A3-9474-1A3956D46DE8}") = "Utility", "Utility", "{3B8E908A-3D56-4EDC-A5E6-660FF48BE6B9}"
EndProject
Project("{9A19103F-16F7-4668-BE54-9A1E7A4F7556}") = "InSys.Helper", "Utility\InSys.Helper\InSys.Helper.csproj", "{A0B491C9-33A2-4855-B5D2-3EAFE25B4D7F}"
EndProject
Project("{9A19103F-16F7-4668-BE54-9A1E7A4F7556}") = "InSys.Context", "Utility\InSys.Context\InSys.Context.csproj", "{1B5651E1-D553-4965-864D-D956A9B05EDE}"
EndProject
Project("{9A19103F-16F7-4668-BE54-9A1E7A4F7556}") = "InSys.Storage", "Utility\InSys.Storage\InSys.Storage\InSys.Storage.csproj", "{E61EA8C5-3DED-474E-9B0C-CFB8E0D16AB4}"
EndProject
Project("{9A19103F-16F7-4668-BE54-9A1E7A4F7556}") = "InSys.Assembly", "Utility\InSys.Assembly\InSys.Assembly.csproj", "{28B3D59D-345F-45D4-9EB5-1074847CE0F3}"
EndProject
Project("{9A19103F-16F7-4668-BE54-9A1E7A4F7556}") = "InSys.ITI.Controller", "Module\InSys.ITI.Controller\InSys.ITI.Controller.csproj", "{4C99F126-9B45-424E-8FF5-63680D5EDE56}"
EndProject
Project("{9A19103F-16F7-4668-BE54-9A1E7A4F7556}") = "InSys.ITI.Models", "Module\InSys.ITI.Models\InSys.ITI.Models.csproj", "{2B09F495-1175-483E-9DFA-2DA250960A90}"
EndProject
Project("{9A19103F-16F7-4668-BE54-9A1E7A4F7556}") = "InSys.ITI.Menu", "Module\InSys.ITI.Menu\InSys.ITI.Menu.csproj", "{6B7C8C86-87C3-4453-AB4E-F1AE430AFBD3}"
EndProject
Project("{9A19103F-16F7-4668-BE54-9A1E7A4F7556}") = "InSys.ITI.Login", "Module\InSys.ITI.Login\InSys.ITI.Login.csproj", "{8A074E71-1C8C-44B7-967D-B8FA63F6E852}"
EndProject
Project("{9A19103F-16F7-4668-BE54-9A1E7A4F7556}") = "InSys.ITI.Index", "Module\InSys.ITI.Index\InSys.ITI.Index.csproj", "{C9CAD5ED-7FFB-459F-A012-714B36B2BF21}"
EndProject
Project("{2150E333-8FDC-42A3-9474-1A3956D46DE8}") = "Administrative", "Administrative", "{C1C970B9-7EFF-4451-BAFB-344CDBAB2464}"
EndProject
Project("{9A19103F-16F7-4668-BE54-9A1E7A4F7556}") = "InSys.ITI.Users", "Module\Administrative\InSys.ITI.Users\InSys.ITI.Users.csproj", "{17390489-D1DA-4664-8DC6-FAEBB1EF1403}"
EndProject
Project("{9A19103F-16F7-4668-BE54-9A1E7A4F7556}") = "InSys.ITI.Roles", "Module\Administrative\InSys.ITI.Roles\InSys.ITI.Roles.csproj", "{BA9A7B0F-50EF-4F94-9F56-B80087120363}"
EndProject
Project("{2150E333-8FDC-42A3-9474-1A3956D46DE8}") = "People", "People", "{8C1D2082-3D9E-4529-B68E-FB3258BBA41C}"
EndProject
Project("{9A19103F-16F7-4668-BE54-9A1E7A4F7556}") = "InSys.ITI.EmployeeStatus", "Module\People\InSys.ITI.EmployeeStatus\InSys.ITI.EmployeeStatus.csproj", "{6273603F-B174-4908-868F-3E1AC207845A}"
EndProject
Project("{2150E333-8FDC-42A3-9474-1A3956D46DE8}") = "SupplementarySettings", "SupplementarySettings", "{0E9AA571-8405-4250-9970-DA7A71E7D5DB}"
EndProject
Project("{9A19103F-16F7-4668-BE54-9A1E7A4F7556}") = "InSys.ITI.EducationalAttainment", "Module\SupplementarySettings\InSys.ITI.EducationalAttainment\InSys.ITI.EducationalAttainment.csproj", "{2402B3BC-7BCC-4405-BE8C-332278B70F74}"
EndProject
Project("{9A19103F-16F7-4668-BE54-9A1E7A4F7556}") = "InSys.ITI.Province", "Module\SupplementarySettings\InSys.ITI.Province\InSys.ITI.Province.csproj", "{BEB4E0FA-CB9E-4F7D-83D6-F50951D54CF2}"
EndProject
Project("{9A19103F-16F7-4668-BE54-9A1E7A4F7556}") = "InSys.ITI.City", "Module\SupplementarySettings\InSys.ITI.City\InSys.ITI.City.csproj", "{23B91F13-D263-44F7-B7B1-EFEA7786D671}"
EndProject
Project("{9A19103F-16F7-4668-BE54-9A1E7A4F7556}") = "InSys.ITI.Barangay", "Module\SupplementarySettings\InSys.ITI.Barangay\InSys.ITI.Barangay.csproj", "{504DE0B2-EEC2-4212-9595-A7159A433912}"
EndProject
Project("{9A19103F-16F7-4668-BE54-9A1E7A4F7556}") = "InSys.ITI.BloodType", "Module\SupplementarySettings\InSys.ITI.BloodType\InSys.ITI.BloodType.csproj", "{D0C23F1C-CA16-41A4-9382-BFB7A1DCD53F}"
EndProject
Project("{9A19103F-16F7-4668-BE54-9A1E7A4F7556}") = "InSys.ITI.Citizenship", "Module\SupplementarySettings\InSys.ITI.Citizenship\InSys.ITI.Citizenship.csproj", "{9F04774A-0878-4E13-A890-DAAF7315CA15}"
EndProject
Project("{9A19103F-16F7-4668-BE54-9A1E7A4F7556}") = "InSys.ITI.Nationality", "Module\SupplementarySettings\InSys.ITI.Nationality\InSys.ITI.Nationality.csproj", "{1A090ABB-0642-4265-A872-F031741EBEEF}"
EndProject
Project("{9A19103F-16F7-4668-BE54-9A1E7A4F7556}") = "InSys.ITI.CivilStatus", "Module\SupplementarySettings\InSys.ITI.CivilStatus\InSys.ITI.CivilStatus.csproj", "{92FBEA63-AD36-4A78-92B3-C8443F6FACCE}"
EndProject
Project("{9A19103F-16F7-4668-BE54-9A1E7A4F7556}") = "InSys.ITI.Religion", "Module\SupplementarySettings\InSys.ITI.Religion\InSys.ITI.Religion.csproj", "{10F52CD9-7F9C-4A7E-AF0F-EF7D48815317}"
EndProject
Project("{2150E333-8FDC-42A3-9474-1A3956D46DE8}") = "Organization", "Organization", "{5AC379E4-BAC4-4854-A3C5-175C2FB8983A}"
EndProject
Project("{9A19103F-16F7-4668-BE54-9A1E7A4F7556}") = "InSys.ITI.CostCenter", "Module\People\Organization\InSys.ITI.CostCenter\InSys.ITI.CostCenter.csproj", "{394F5439-5F1D-4173-BAAA-5C2830B9DF51}"
EndProject
Project("{2150E333-8FDC-42A3-9474-1A3956D46DE8}") = "Recruitment", "Recruitment", "{06069A7A-C5D4-4C5A-9797-93B25526FCF0}"
EndProject
Project("{9A19103F-16F7-4668-BE54-9A1E7A4F7556}") = "InSys.ITI.Examination", "Module\Recruitment\InSys.ITI.Examination\InSys.ITI.Examination.csproj", "{56660CF6-682F-47E0-BB93-894ABDA8B940}"
EndProject
Project("{9A19103F-16F7-4668-BE54-9A1E7A4F7556}") = "InSys.ITI.ManPowerPlan", "Module\Recruitment\InSys.ITI.ManPowerPlan\InSys.ITI.ManPowerPlan.csproj", "{FA5DB30C-DE40-4589-A3D8-05C1AA4DB439}"
EndProject
Project("{9A19103F-16F7-4668-BE54-9A1E7A4F7556}") = "InSys.ITI.MRF", "Module\Recruitment\InSys.ITI.MRF\InSys.ITI.MRF.csproj", "{EB029D81-CD22-4027-9970-A27FA575F354}"
EndProject
Project("{9A19103F-16F7-4668-BE54-9A1E7A4F7556}") = "InSys.ITI.NatureOfRequest", "Module\Recruitment\InSys.ITI.NatureOfRequest\InSys.ITI.NatureOfRequest.csproj", "{FA04253C-85BC-44E4-9F85-C14BDC5A2B6B}"
EndProject
Project("{9A19103F-16F7-4668-BE54-9A1E7A4F7556}") = "InSys.ITI.RecruitmentReport", "Module\Recruitment\InSys.ITI.RecruitmentReport\InSys.ITI.RecruitmentReport.csproj", "{EECF68F9-56F9-4CD5-976F-16A8D23086D3}"
EndProject
Project("{9A19103F-16F7-4668-BE54-9A1E7A4F7556}") = "InSys.ITI.RecruitmentStatus", "Module\Recruitment\InSys.ITI.RecruitmentStatus\InSys.ITI.RecruitmentStatus.csproj", "{1C541A24-0DE2-485D-B0CE-73BDC320D2FF}"
EndProject
Project("{9A19103F-16F7-4668-BE54-9A1E7A4F7556}") = "InSys.ITI.Company", "Module\People\Organization\InSys.ITI.Company\InSys.ITI.Company.csproj", "{E940B9F6-040A-41F8-96A9-DA7B07697EA7}"
EndProject
Project("{9A19103F-16F7-4668-BE54-9A1E7A4F7556}") = "InSys.ITI.ProductLine", "Module\People\InSys.ITI.ProductLine\InSys.ITI.ProductLine.csproj", "{8E46D37F-5AC4-433D-B47A-6DF027E25677}"
EndProject
Project("{9A19103F-16F7-4668-BE54-9A1E7A4F7556}") = "InSys.ITI.EmployeeRecord", "Module\People\InSys.ITI.EmployeeRecord\InSys.ITI.EmployeeRecord.csproj", "{BE07A834-D141-4F94-BBE0-EA7160CA049E}"
EndProject
Project("{9A19103F-16F7-4668-BE54-9A1E7A4F7556}") = "InSys.ITI.EmployeeMovement", "Module\People\InSys.ITI.EmployeeMovement\InSys.ITI.EmployeeMovement.csproj", "{22D3B5A5-16AB-4F4F-80D8-DA7509439D53}"
EndProject
Project("{9A19103F-16F7-4668-BE54-9A1E7A4F7556}") = "InSys.ITI.OrgMasterList", "Module\People\Organization\InSys.ITI.OrgMasterList\InSys.ITI.OrgMasterList.csproj", "{17EB3102-2A7A-4E48-B892-195E67ACF761}"
EndProject
Project("{9A19103F-16F7-4668-BE54-9A1E7A4F7556}") = "InSys.ITI.ResumeBankAndSearch", "Module\Recruitment\InSys.ITI.ResumeBankAndSearch\InSys.ITI.ResumeBankAndSearch.csproj", "{02FF8D87-8285-44FE-910A-EAEA0D13BD27}"
EndProject
Project("{9A19103F-16F7-4668-BE54-9A1E7A4F7556}") = "InSys.ITI.Policy", "Module\InSys.ITI.Policy\InSys.ITI.Policy.csproj", "{90544697-476F-4279-B7ED-5A8D3124C5F9}"
EndProject
Project("{9A19103F-16F7-4668-BE54-9A1E7A4F7556}") = "InSys.ITI.ApproverMatrix", "Module\Administrative\InSys.ITI.ApproverMatrix\InSys.ITI.ApproverMatrix.csproj", "{4246349E-4BB2-42D8-9DF8-4F640470A33A}"
EndProject
Project("{2150E333-8FDC-42A3-9474-1A3956D46DE8}") = "Orbit", "Orbit", "{BE171C83-9757-458E-B90E-0341B9AF52FF}"
EndProject
Project("{9A19103F-16F7-4668-BE54-9A1E7A4F7556}") = "InSys.ITI.InitialMigration", "Module\People\InSys.ITI.InitialMigration\InSys.ITI.InitialMigration.csproj", "{284E5FDD-E0DE-4FF0-BC50-774B508DA592}"
EndProject
Project("{2150E333-8FDC-42A3-9474-1A3956D46DE8}") = "Maintenance", "Maintenance", "{041585B1-E5AA-43FE-A770-B7CD81368530}"
EndProject
Project("{2150E333-8FDC-42A3-9474-1A3956D46DE8}") = "IONS", "IONS", "{C7A9EF2E-A025-49D7-B092-760977232413}"
EndProject
Project("{9A19103F-16F7-4668-BE54-9A1E7A4F7556}") = "InSys.ITI.MissedLog", "Module\IONS\InSys.ITI.MissedLog\InSys.ITI.MissedLog.csproj", "{ECC74CBA-A662-4EFF-8FC7-6AA15799FE11}"
EndProject
Project("{9A19103F-16F7-4668-BE54-9A1E7A4F7556}") = "InSys.ITI.OB", "Module\IONS\InSys.ITI.OB\InSys.ITI.OB.csproj", "{B79F3090-8993-45AC-AAC3-B0FD1440A06B}"
EndProject
Project("{9A19103F-16F7-4668-BE54-9A1E7A4F7556}") = "InSys.ITI.Leave", "Module\IONS\InSys.ITI.Leave\InSys.ITI.Leave.csproj", "{67DCBB0E-E59B-4180-9461-8FB10ED3F50A}"
EndProject
Project("{9A19103F-16F7-4668-BE54-9A1E7A4F7556}") = "InSys.ITI.ShiftSchedule", "Module\Orbit\Maintenance\InSys.ITI.ShiftSchedule\InSys.ITI.ShiftSchedule.csproj", "{00966EA3-C350-4FFA-A0F7-6BB9D356036D}"
EndProject
Project("{9A19103F-16F7-4668-BE54-9A1E7A4F7556}") = "InSys.ITI.LeaveType", "Module\Orbit\Maintenance\InSys.ITI.LeaveType\InSys.ITI.LeaveType.csproj", "{6DF9C405-2AAC-480A-89FE-EF36952D315E}"
EndProject
Project("{9A19103F-16F7-4668-BE54-9A1E7A4F7556}") = "InSys.ITI.LeaveParameter", "Module\Orbit\Maintenance\InSys.ITI.LeaveParameter\InSys.ITI.LeaveParameter.csproj", "{0E55B286-349D-4AC1-9ACA-DFB717F89DC6}"
EndProject
Project("{9A19103F-16F7-4668-BE54-9A1E7A4F7556}") = "InSys.ITI.LeaveAdjustment", "Module\Orbit\InSys.ITI.LeaveAdjustment\InSys.ITI.LeaveAdjustment.csproj", "{5B93A5C0-162E-4D3A-9EC3-6E8D5D498626}"
EndProject
Project("{2150E333-8FDC-42A3-9474-1A3956D46DE8}") = "Dashboard", "Dashboard", "{06CBDC0C-AE8A-4680-909F-CFEDB74F9590}"
EndProject
Project("{9A19103F-16F7-4668-BE54-9A1E7A4F7556}") = "InSys.ITI.DashBoard", "Module\Dashboard\InSys.ITI.DashBoard\InSys.ITI.DashBoard.csproj", "{9A215777-B604-4C0C-9B5F-2A762F7003E4}"
EndProject
Project("{FAE04EC0-301F-11D3-BF4B-00C04F79EFBC}") = "InSys.Worker", "Application\InSys.Worker\InSys.Worker.csproj", "{B116449A-6EE0-4E01-A8C9-C3DAC92E689E}"
EndProject
Project("{FAE04EC0-301F-11D3-BF4B-00C04F79EFBC}") = "InSys.Worker.Library", "Application\InSys.Worker.Library\InSys.Worker.Library.csproj", "{4167E0D2-9839-47CE-AE19-38894228CBD1}"
EndProject
Project("{2150E333-8FDC-42A3-9474-1A3956D46DE8}") = "Services", "Services", "{6AC3D642-7543-49DF-A587-D1A75197D1C7}"
EndProject
Project("{FAE04EC0-301F-11D3-BF4B-00C04F79EFBC}") = "InSys.Test", "Application\InSys.Test\InSys.Test.csproj", "{D71B5520-E224-43AD-B253-472309543E3D}"
EndProject
Project("{9A19103F-16F7-4668-BE54-9A1E7A4F7556}") = "InSys.ITI.Overtime", "Module\IONS\InSys.ITI.Overtime\InSys.ITI.Overtime.csproj", "{38CBEE6F-E401-494A-B0F6-D0A61C5A0D14}"
EndProject
Project("{FAE04EC0-301F-11D3-BF4B-00C04F79EFBC}") = "Service.ETF", "Application\Services\Service.ETF\Service.ETF.csproj", "{1C1EFDB0-5633-4948-B459-602549C43937}"
EndProject
Project("{FAE04EC0-301F-11D3-BF4B-00C04F79EFBC}") = "Service.ReportGenerator", "Application\Services\Service.ReportGenerator\Service.ReportGenerator.csproj", "{508619BD-84C7-44B5-A1A1-AA7A386360F0}"
EndProject
Project("{9A19103F-16F7-4668-BE54-9A1E7A4F7556}") = "Service.WebNotification", "Application\Services\Service.WebNotification\Service.WebNotification.csproj", "{DE3513B2-6B9B-4B1A-9BB3-34910024A1CF}"
EndProject
Project("{9A19103F-16F7-4668-BE54-9A1E7A4F7556}") = "InSys.ITI.MyModule", "Module\InSys.ITI.MyModule\InSys.ITI.MyModule.csproj", "{DB193AC9-77B7-4B54-843B-F76F6235AF3F}"
EndProject
Project("{2150E333-8FDC-42A3-9474-1A3956D46DE8}") = "Payroll", "Payroll", "{2AC09899-34CA-49DF-8D8A-6141190B4989}"
EndProject
Project("{2150E333-8FDC-42A3-9474-1A3956D46DE8}") = "Government", "Government", "{4FFA410F-5EC1-42EC-BD05-65F63BCD3C2E}"
EndProject
Project("{2150E333-8FDC-42A3-9474-1A3956D46DE8}") = "Maintenance", "Maintenance", "{57C3F28C-16DC-4F3D-BE6F-39AA9B4C80F2}"
EndProject
Project("{9A19103F-16F7-4668-BE54-9A1E7A4F7556}") = "InSys.ITI.PayrollParameter", "Module\Payroll\Maintenance\InSys.ITI.PayrollParameter\InSys.ITI.PayrollParameter.csproj", "{CA58A661-3E00-4F81-8518-3BB659CC1F6B}"
EndProject
Project("{9A19103F-16F7-4668-BE54-9A1E7A4F7556}") = "InSys.ITI.TaxExemption", "InSys.ITI.TaxExemption\InSys.ITI.TaxExemption.csproj", "{5083E1E7-150A-47E3-97AD-9447C3430212}"
EndProject
Project("{9A19103F-16F7-4668-BE54-9A1E7A4F7556}") = "InSys.ITI.WeeklySchedule", "Module\Orbit\Maintenance\InSys.ITI.WeeklySchedule\InSys.ITI.WeeklySchedule.csproj", "{F887B7A6-5397-4A6D-BF53-2B08AFD9C613}"
EndProject
Project("{FAE04EC0-301F-11D3-BF4B-00C04F79EFBC}") = "InSys.ITI.TestModule", "InSys.ITI.TestModule\InSys.ITI.TestModule.csproj", "{35770B90-4B7A-4257-B264-F9E9E122B6A7}"
EndProject
Global
	GlobalSection(SolutionConfigurationPlatforms) = preSolution
		Debug|Any CPU = Debug|Any CPU
		Release|Any CPU = Release|Any CPU
	EndGlobalSection
	GlobalSection(ProjectConfigurationPlatforms) = postSolution
		{7C4276CA-56A0-4949-B847-2BB053D3E6D4}.Debug|Any CPU.ActiveCfg = Debug|Any CPU
		{7C4276CA-56A0-4949-B847-2BB053D3E6D4}.Debug|Any CPU.Build.0 = Debug|Any CPU
		{7C4276CA-56A0-4949-B847-2BB053D3E6D4}.Release|Any CPU.ActiveCfg = Release|Any CPU
		{7C4276CA-56A0-4949-B847-2BB053D3E6D4}.Release|Any CPU.Build.0 = Release|Any CPU
		{A0B491C9-33A2-4855-B5D2-3EAFE25B4D7F}.Debug|Any CPU.ActiveCfg = Debug|Any CPU
		{A0B491C9-33A2-4855-B5D2-3EAFE25B4D7F}.Debug|Any CPU.Build.0 = Debug|Any CPU
		{A0B491C9-33A2-4855-B5D2-3EAFE25B4D7F}.Release|Any CPU.ActiveCfg = Release|Any CPU
		{A0B491C9-33A2-4855-B5D2-3EAFE25B4D7F}.Release|Any CPU.Build.0 = Release|Any CPU
		{1B5651E1-D553-4965-864D-D956A9B05EDE}.Debug|Any CPU.ActiveCfg = Debug|Any CPU
		{1B5651E1-D553-4965-864D-D956A9B05EDE}.Debug|Any CPU.Build.0 = Debug|Any CPU
		{1B5651E1-D553-4965-864D-D956A9B05EDE}.Release|Any CPU.ActiveCfg = Release|Any CPU
		{1B5651E1-D553-4965-864D-D956A9B05EDE}.Release|Any CPU.Build.0 = Release|Any CPU
		{E61EA8C5-3DED-474E-9B0C-CFB8E0D16AB4}.Debug|Any CPU.ActiveCfg = Debug|Any CPU
		{E61EA8C5-3DED-474E-9B0C-CFB8E0D16AB4}.Debug|Any CPU.Build.0 = Debug|Any CPU
		{E61EA8C5-3DED-474E-9B0C-CFB8E0D16AB4}.Release|Any CPU.ActiveCfg = Release|Any CPU
		{E61EA8C5-3DED-474E-9B0C-CFB8E0D16AB4}.Release|Any CPU.Build.0 = Release|Any CPU
		{28B3D59D-345F-45D4-9EB5-1074847CE0F3}.Debug|Any CPU.ActiveCfg = Debug|Any CPU
		{28B3D59D-345F-45D4-9EB5-1074847CE0F3}.Debug|Any CPU.Build.0 = Debug|Any CPU
		{28B3D59D-345F-45D4-9EB5-1074847CE0F3}.Release|Any CPU.ActiveCfg = Release|Any CPU
		{28B3D59D-345F-45D4-9EB5-1074847CE0F3}.Release|Any CPU.Build.0 = Release|Any CPU
		{4C99F126-9B45-424E-8FF5-63680D5EDE56}.Debug|Any CPU.ActiveCfg = Debug|Any CPU
		{4C99F126-9B45-424E-8FF5-63680D5EDE56}.Debug|Any CPU.Build.0 = Debug|Any CPU
		{4C99F126-9B45-424E-8FF5-63680D5EDE56}.Release|Any CPU.ActiveCfg = Release|Any CPU
		{4C99F126-9B45-424E-8FF5-63680D5EDE56}.Release|Any CPU.Build.0 = Release|Any CPU
		{2B09F495-1175-483E-9DFA-2DA250960A90}.Debug|Any CPU.ActiveCfg = Debug|Any CPU
		{2B09F495-1175-483E-9DFA-2DA250960A90}.Debug|Any CPU.Build.0 = Debug|Any CPU
		{2B09F495-1175-483E-9DFA-2DA250960A90}.Release|Any CPU.ActiveCfg = Release|Any CPU
		{2B09F495-1175-483E-9DFA-2DA250960A90}.Release|Any CPU.Build.0 = Release|Any CPU
		{6B7C8C86-87C3-4453-AB4E-F1AE430AFBD3}.Debug|Any CPU.ActiveCfg = Debug|Any CPU
		{6B7C8C86-87C3-4453-AB4E-F1AE430AFBD3}.Debug|Any CPU.Build.0 = Debug|Any CPU
		{6B7C8C86-87C3-4453-AB4E-F1AE430AFBD3}.Release|Any CPU.ActiveCfg = Release|Any CPU
		{6B7C8C86-87C3-4453-AB4E-F1AE430AFBD3}.Release|Any CPU.Build.0 = Release|Any CPU
		{8A074E71-1C8C-44B7-967D-B8FA63F6E852}.Debug|Any CPU.ActiveCfg = Debug|Any CPU
		{8A074E71-1C8C-44B7-967D-B8FA63F6E852}.Debug|Any CPU.Build.0 = Debug|Any CPU
		{8A074E71-1C8C-44B7-967D-B8FA63F6E852}.Release|Any CPU.ActiveCfg = Release|Any CPU
		{8A074E71-1C8C-44B7-967D-B8FA63F6E852}.Release|Any CPU.Build.0 = Release|Any CPU
		{C9CAD5ED-7FFB-459F-A012-714B36B2BF21}.Debug|Any CPU.ActiveCfg = Debug|Any CPU
		{C9CAD5ED-7FFB-459F-A012-714B36B2BF21}.Debug|Any CPU.Build.0 = Debug|Any CPU
		{C9CAD5ED-7FFB-459F-A012-714B36B2BF21}.Release|Any CPU.ActiveCfg = Release|Any CPU
		{C9CAD5ED-7FFB-459F-A012-714B36B2BF21}.Release|Any CPU.Build.0 = Release|Any CPU
		{17390489-D1DA-4664-8DC6-FAEBB1EF1403}.Debug|Any CPU.ActiveCfg = Debug|Any CPU
		{17390489-D1DA-4664-8DC6-FAEBB1EF1403}.Debug|Any CPU.Build.0 = Debug|Any CPU
		{17390489-D1DA-4664-8DC6-FAEBB1EF1403}.Release|Any CPU.ActiveCfg = Release|Any CPU
		{17390489-D1DA-4664-8DC6-FAEBB1EF1403}.Release|Any CPU.Build.0 = Release|Any CPU
		{BA9A7B0F-50EF-4F94-9F56-B80087120363}.Debug|Any CPU.ActiveCfg = Debug|Any CPU
		{BA9A7B0F-50EF-4F94-9F56-B80087120363}.Debug|Any CPU.Build.0 = Debug|Any CPU
		{BA9A7B0F-50EF-4F94-9F56-B80087120363}.Release|Any CPU.ActiveCfg = Release|Any CPU
		{BA9A7B0F-50EF-4F94-9F56-B80087120363}.Release|Any CPU.Build.0 = Release|Any CPU
		{6273603F-B174-4908-868F-3E1AC207845A}.Debug|Any CPU.ActiveCfg = Debug|Any CPU
		{6273603F-B174-4908-868F-3E1AC207845A}.Debug|Any CPU.Build.0 = Debug|Any CPU
		{6273603F-B174-4908-868F-3E1AC207845A}.Release|Any CPU.ActiveCfg = Release|Any CPU
		{6273603F-B174-4908-868F-3E1AC207845A}.Release|Any CPU.Build.0 = Release|Any CPU
		{2402B3BC-7BCC-4405-BE8C-332278B70F74}.Debug|Any CPU.ActiveCfg = Debug|Any CPU
		{2402B3BC-7BCC-4405-BE8C-332278B70F74}.Debug|Any CPU.Build.0 = Debug|Any CPU
		{2402B3BC-7BCC-4405-BE8C-332278B70F74}.Release|Any CPU.ActiveCfg = Release|Any CPU
		{2402B3BC-7BCC-4405-BE8C-332278B70F74}.Release|Any CPU.Build.0 = Release|Any CPU
		{BEB4E0FA-CB9E-4F7D-83D6-F50951D54CF2}.Debug|Any CPU.ActiveCfg = Debug|Any CPU
		{BEB4E0FA-CB9E-4F7D-83D6-F50951D54CF2}.Debug|Any CPU.Build.0 = Debug|Any CPU
		{BEB4E0FA-CB9E-4F7D-83D6-F50951D54CF2}.Release|Any CPU.ActiveCfg = Release|Any CPU
		{BEB4E0FA-CB9E-4F7D-83D6-F50951D54CF2}.Release|Any CPU.Build.0 = Release|Any CPU
		{23B91F13-D263-44F7-B7B1-EFEA7786D671}.Debug|Any CPU.ActiveCfg = Debug|Any CPU
		{23B91F13-D263-44F7-B7B1-EFEA7786D671}.Debug|Any CPU.Build.0 = Debug|Any CPU
		{23B91F13-D263-44F7-B7B1-EFEA7786D671}.Release|Any CPU.ActiveCfg = Release|Any CPU
		{23B91F13-D263-44F7-B7B1-EFEA7786D671}.Release|Any CPU.Build.0 = Release|Any CPU
		{504DE0B2-EEC2-4212-9595-A7159A433912}.Debug|Any CPU.ActiveCfg = Debug|Any CPU
		{504DE0B2-EEC2-4212-9595-A7159A433912}.Debug|Any CPU.Build.0 = Debug|Any CPU
		{504DE0B2-EEC2-4212-9595-A7159A433912}.Release|Any CPU.ActiveCfg = Release|Any CPU
		{504DE0B2-EEC2-4212-9595-A7159A433912}.Release|Any CPU.Build.0 = Release|Any CPU
		{D0C23F1C-CA16-41A4-9382-BFB7A1DCD53F}.Debug|Any CPU.ActiveCfg = Debug|Any CPU
		{D0C23F1C-CA16-41A4-9382-BFB7A1DCD53F}.Debug|Any CPU.Build.0 = Debug|Any CPU
		{D0C23F1C-CA16-41A4-9382-BFB7A1DCD53F}.Release|Any CPU.ActiveCfg = Release|Any CPU
		{D0C23F1C-CA16-41A4-9382-BFB7A1DCD53F}.Release|Any CPU.Build.0 = Release|Any CPU
		{9F04774A-0878-4E13-A890-DAAF7315CA15}.Debug|Any CPU.ActiveCfg = Debug|Any CPU
		{9F04774A-0878-4E13-A890-DAAF7315CA15}.Debug|Any CPU.Build.0 = Debug|Any CPU
		{9F04774A-0878-4E13-A890-DAAF7315CA15}.Release|Any CPU.ActiveCfg = Release|Any CPU
		{9F04774A-0878-4E13-A890-DAAF7315CA15}.Release|Any CPU.Build.0 = Release|Any CPU
		{1A090ABB-0642-4265-A872-F031741EBEEF}.Debug|Any CPU.ActiveCfg = Debug|Any CPU
		{1A090ABB-0642-4265-A872-F031741EBEEF}.Debug|Any CPU.Build.0 = Debug|Any CPU
		{1A090ABB-0642-4265-A872-F031741EBEEF}.Release|Any CPU.ActiveCfg = Release|Any CPU
		{1A090ABB-0642-4265-A872-F031741EBEEF}.Release|Any CPU.Build.0 = Release|Any CPU
		{92FBEA63-AD36-4A78-92B3-C8443F6FACCE}.Debug|Any CPU.ActiveCfg = Debug|Any CPU
		{92FBEA63-AD36-4A78-92B3-C8443F6FACCE}.Debug|Any CPU.Build.0 = Debug|Any CPU
		{92FBEA63-AD36-4A78-92B3-C8443F6FACCE}.Release|Any CPU.ActiveCfg = Release|Any CPU
		{92FBEA63-AD36-4A78-92B3-C8443F6FACCE}.Release|Any CPU.Build.0 = Release|Any CPU
		{10F52CD9-7F9C-4A7E-AF0F-EF7D48815317}.Debug|Any CPU.ActiveCfg = Debug|Any CPU
		{10F52CD9-7F9C-4A7E-AF0F-EF7D48815317}.Debug|Any CPU.Build.0 = Debug|Any CPU
		{10F52CD9-7F9C-4A7E-AF0F-EF7D48815317}.Release|Any CPU.ActiveCfg = Release|Any CPU
		{10F52CD9-7F9C-4A7E-AF0F-EF7D48815317}.Release|Any CPU.Build.0 = Release|Any CPU
		{394F5439-5F1D-4173-BAAA-5C2830B9DF51}.Debug|Any CPU.ActiveCfg = Debug|Any CPU
		{394F5439-5F1D-4173-BAAA-5C2830B9DF51}.Debug|Any CPU.Build.0 = Debug|Any CPU
		{394F5439-5F1D-4173-BAAA-5C2830B9DF51}.Release|Any CPU.ActiveCfg = Release|Any CPU
		{394F5439-5F1D-4173-BAAA-5C2830B9DF51}.Release|Any CPU.Build.0 = Release|Any CPU
		{56660CF6-682F-47E0-BB93-894ABDA8B940}.Debug|Any CPU.ActiveCfg = Debug|Any CPU
		{56660CF6-682F-47E0-BB93-894ABDA8B940}.Debug|Any CPU.Build.0 = Debug|Any CPU
		{56660CF6-682F-47E0-BB93-894ABDA8B940}.Release|Any CPU.ActiveCfg = Release|Any CPU
		{56660CF6-682F-47E0-BB93-894ABDA8B940}.Release|Any CPU.Build.0 = Release|Any CPU
		{FA5DB30C-DE40-4589-A3D8-05C1AA4DB439}.Debug|Any CPU.ActiveCfg = Debug|Any CPU
		{FA5DB30C-DE40-4589-A3D8-05C1AA4DB439}.Debug|Any CPU.Build.0 = Debug|Any CPU
		{FA5DB30C-DE40-4589-A3D8-05C1AA4DB439}.Release|Any CPU.ActiveCfg = Release|Any CPU
		{FA5DB30C-DE40-4589-A3D8-05C1AA4DB439}.Release|Any CPU.Build.0 = Release|Any CPU
		{EB029D81-CD22-4027-9970-A27FA575F354}.Debug|Any CPU.ActiveCfg = Debug|Any CPU
		{EB029D81-CD22-4027-9970-A27FA575F354}.Debug|Any CPU.Build.0 = Debug|Any CPU
		{EB029D81-CD22-4027-9970-A27FA575F354}.Release|Any CPU.ActiveCfg = Release|Any CPU
		{EB029D81-CD22-4027-9970-A27FA575F354}.Release|Any CPU.Build.0 = Release|Any CPU
		{FA04253C-85BC-44E4-9F85-C14BDC5A2B6B}.Debug|Any CPU.ActiveCfg = Debug|Any CPU
		{FA04253C-85BC-44E4-9F85-C14BDC5A2B6B}.Debug|Any CPU.Build.0 = Debug|Any CPU
		{FA04253C-85BC-44E4-9F85-C14BDC5A2B6B}.Release|Any CPU.ActiveCfg = Release|Any CPU
		{FA04253C-85BC-44E4-9F85-C14BDC5A2B6B}.Release|Any CPU.Build.0 = Release|Any CPU
		{EECF68F9-56F9-4CD5-976F-16A8D23086D3}.Debug|Any CPU.ActiveCfg = Debug|Any CPU
		{EECF68F9-56F9-4CD5-976F-16A8D23086D3}.Debug|Any CPU.Build.0 = Debug|Any CPU
		{EECF68F9-56F9-4CD5-976F-16A8D23086D3}.Release|Any CPU.ActiveCfg = Release|Any CPU
		{EECF68F9-56F9-4CD5-976F-16A8D23086D3}.Release|Any CPU.Build.0 = Release|Any CPU
		{1C541A24-0DE2-485D-B0CE-73BDC320D2FF}.Debug|Any CPU.ActiveCfg = Debug|Any CPU
		{1C541A24-0DE2-485D-B0CE-73BDC320D2FF}.Debug|Any CPU.Build.0 = Debug|Any CPU
		{1C541A24-0DE2-485D-B0CE-73BDC320D2FF}.Release|Any CPU.ActiveCfg = Release|Any CPU
		{1C541A24-0DE2-485D-B0CE-73BDC320D2FF}.Release|Any CPU.Build.0 = Release|Any CPU
		{E940B9F6-040A-41F8-96A9-DA7B07697EA7}.Debug|Any CPU.ActiveCfg = Debug|Any CPU
		{E940B9F6-040A-41F8-96A9-DA7B07697EA7}.Debug|Any CPU.Build.0 = Debug|Any CPU
		{E940B9F6-040A-41F8-96A9-DA7B07697EA7}.Release|Any CPU.ActiveCfg = Release|Any CPU
		{E940B9F6-040A-41F8-96A9-DA7B07697EA7}.Release|Any CPU.Build.0 = Release|Any CPU
		{8E46D37F-5AC4-433D-B47A-6DF027E25677}.Debug|Any CPU.ActiveCfg = Debug|Any CPU
		{8E46D37F-5AC4-433D-B47A-6DF027E25677}.Debug|Any CPU.Build.0 = Debug|Any CPU
		{8E46D37F-5AC4-433D-B47A-6DF027E25677}.Release|Any CPU.ActiveCfg = Release|Any CPU
		{8E46D37F-5AC4-433D-B47A-6DF027E25677}.Release|Any CPU.Build.0 = Release|Any CPU
		{BE07A834-D141-4F94-BBE0-EA7160CA049E}.Debug|Any CPU.ActiveCfg = Debug|Any CPU
		{BE07A834-D141-4F94-BBE0-EA7160CA049E}.Debug|Any CPU.Build.0 = Debug|Any CPU
		{BE07A834-D141-4F94-BBE0-EA7160CA049E}.Release|Any CPU.ActiveCfg = Release|Any CPU
		{BE07A834-D141-4F94-BBE0-EA7160CA049E}.Release|Any CPU.Build.0 = Release|Any CPU
		{22D3B5A5-16AB-4F4F-80D8-DA7509439D53}.Debug|Any CPU.ActiveCfg = Debug|Any CPU
		{22D3B5A5-16AB-4F4F-80D8-DA7509439D53}.Debug|Any CPU.Build.0 = Debug|Any CPU
		{22D3B5A5-16AB-4F4F-80D8-DA7509439D53}.Release|Any CPU.ActiveCfg = Release|Any CPU
		{22D3B5A5-16AB-4F4F-80D8-DA7509439D53}.Release|Any CPU.Build.0 = Release|Any CPU
		{17EB3102-2A7A-4E48-B892-195E67ACF761}.Debug|Any CPU.ActiveCfg = Debug|Any CPU
		{17EB3102-2A7A-4E48-B892-195E67ACF761}.Debug|Any CPU.Build.0 = Debug|Any CPU
		{17EB3102-2A7A-4E48-B892-195E67ACF761}.Release|Any CPU.ActiveCfg = Release|Any CPU
		{17EB3102-2A7A-4E48-B892-195E67ACF761}.Release|Any CPU.Build.0 = Release|Any CPU
		{02FF8D87-8285-44FE-910A-EAEA0D13BD27}.Debug|Any CPU.ActiveCfg = Debug|Any CPU
		{02FF8D87-8285-44FE-910A-EAEA0D13BD27}.Debug|Any CPU.Build.0 = Debug|Any CPU
		{02FF8D87-8285-44FE-910A-EAEA0D13BD27}.Release|Any CPU.ActiveCfg = Release|Any CPU
		{02FF8D87-8285-44FE-910A-EAEA0D13BD27}.Release|Any CPU.Build.0 = Release|Any CPU
		{90544697-476F-4279-B7ED-5A8D3124C5F9}.Debug|Any CPU.ActiveCfg = Debug|Any CPU
		{90544697-476F-4279-B7ED-5A8D3124C5F9}.Debug|Any CPU.Build.0 = Debug|Any CPU
		{90544697-476F-4279-B7ED-5A8D3124C5F9}.Release|Any CPU.ActiveCfg = Release|Any CPU
		{90544697-476F-4279-B7ED-5A8D3124C5F9}.Release|Any CPU.Build.0 = Release|Any CPU
		{4246349E-4BB2-42D8-9DF8-4F640470A33A}.Debug|Any CPU.ActiveCfg = Debug|Any CPU
		{4246349E-4BB2-42D8-9DF8-4F640470A33A}.Debug|Any CPU.Build.0 = Debug|Any CPU
		{4246349E-4BB2-42D8-9DF8-4F640470A33A}.Release|Any CPU.ActiveCfg = Release|Any CPU
		{4246349E-4BB2-42D8-9DF8-4F640470A33A}.Release|Any CPU.Build.0 = Release|Any CPU
		{284E5FDD-E0DE-4FF0-BC50-774B508DA592}.Debug|Any CPU.ActiveCfg = Debug|Any CPU
		{284E5FDD-E0DE-4FF0-BC50-774B508DA592}.Debug|Any CPU.Build.0 = Debug|Any CPU
		{284E5FDD-E0DE-4FF0-BC50-774B508DA592}.Release|Any CPU.ActiveCfg = Release|Any CPU
		{284E5FDD-E0DE-4FF0-BC50-774B508DA592}.Release|Any CPU.Build.0 = Release|Any CPU
		{ECC74CBA-A662-4EFF-8FC7-6AA15799FE11}.Debug|Any CPU.ActiveCfg = Debug|Any CPU
		{ECC74CBA-A662-4EFF-8FC7-6AA15799FE11}.Debug|Any CPU.Build.0 = Debug|Any CPU
		{ECC74CBA-A662-4EFF-8FC7-6AA15799FE11}.Release|Any CPU.ActiveCfg = Release|Any CPU
		{ECC74CBA-A662-4EFF-8FC7-6AA15799FE11}.Release|Any CPU.Build.0 = Release|Any CPU
		{B79F3090-8993-45AC-AAC3-B0FD1440A06B}.Debug|Any CPU.ActiveCfg = Debug|Any CPU
		{B79F3090-8993-45AC-AAC3-B0FD1440A06B}.Debug|Any CPU.Build.0 = Debug|Any CPU
		{B79F3090-8993-45AC-AAC3-B0FD1440A06B}.Release|Any CPU.ActiveCfg = Release|Any CPU
		{B79F3090-8993-45AC-AAC3-B0FD1440A06B}.Release|Any CPU.Build.0 = Release|Any CPU
		{67DCBB0E-E59B-4180-9461-8FB10ED3F50A}.Debug|Any CPU.ActiveCfg = Debug|Any CPU
		{67DCBB0E-E59B-4180-9461-8FB10ED3F50A}.Debug|Any CPU.Build.0 = Debug|Any CPU
		{67DCBB0E-E59B-4180-9461-8FB10ED3F50A}.Release|Any CPU.ActiveCfg = Release|Any CPU
		{67DCBB0E-E59B-4180-9461-8FB10ED3F50A}.Release|Any CPU.Build.0 = Release|Any CPU
		{00966EA3-C350-4FFA-A0F7-6BB9D356036D}.Debug|Any CPU.ActiveCfg = Debug|Any CPU
		{00966EA3-C350-4FFA-A0F7-6BB9D356036D}.Debug|Any CPU.Build.0 = Debug|Any CPU
		{00966EA3-C350-4FFA-A0F7-6BB9D356036D}.Release|Any CPU.ActiveCfg = Release|Any CPU
		{00966EA3-C350-4FFA-A0F7-6BB9D356036D}.Release|Any CPU.Build.0 = Release|Any CPU
		{6DF9C405-2AAC-480A-89FE-EF36952D315E}.Debug|Any CPU.ActiveCfg = Debug|Any CPU
		{6DF9C405-2AAC-480A-89FE-EF36952D315E}.Debug|Any CPU.Build.0 = Debug|Any CPU
		{6DF9C405-2AAC-480A-89FE-EF36952D315E}.Release|Any CPU.ActiveCfg = Release|Any CPU
		{6DF9C405-2AAC-480A-89FE-EF36952D315E}.Release|Any CPU.Build.0 = Release|Any CPU
		{0E55B286-349D-4AC1-9ACA-DFB717F89DC6}.Debug|Any CPU.ActiveCfg = Debug|Any CPU
		{0E55B286-349D-4AC1-9ACA-DFB717F89DC6}.Debug|Any CPU.Build.0 = Debug|Any CPU
		{0E55B286-349D-4AC1-9ACA-DFB717F89DC6}.Release|Any CPU.ActiveCfg = Release|Any CPU
		{0E55B286-349D-4AC1-9ACA-DFB717F89DC6}.Release|Any CPU.Build.0 = Release|Any CPU
		{5B93A5C0-162E-4D3A-9EC3-6E8D5D498626}.Debug|Any CPU.ActiveCfg = Debug|Any CPU
		{5B93A5C0-162E-4D3A-9EC3-6E8D5D498626}.Debug|Any CPU.Build.0 = Debug|Any CPU
		{5B93A5C0-162E-4D3A-9EC3-6E8D5D498626}.Release|Any CPU.ActiveCfg = Release|Any CPU
		{5B93A5C0-162E-4D3A-9EC3-6E8D5D498626}.Release|Any CPU.Build.0 = Release|Any CPU
		{9A215777-B604-4C0C-9B5F-2A762F7003E4}.Debug|Any CPU.ActiveCfg = Debug|Any CPU
		{9A215777-B604-4C0C-9B5F-2A762F7003E4}.Debug|Any CPU.Build.0 = Debug|Any CPU
		{9A215777-B604-4C0C-9B5F-2A762F7003E4}.Release|Any CPU.ActiveCfg = Release|Any CPU
		{9A215777-B604-4C0C-9B5F-2A762F7003E4}.Release|Any CPU.Build.0 = Release|Any CPU
		{B116449A-6EE0-4E01-A8C9-C3DAC92E689E}.Debug|Any CPU.ActiveCfg = Debug|Any CPU
		{B116449A-6EE0-4E01-A8C9-C3DAC92E689E}.Debug|Any CPU.Build.0 = Debug|Any CPU
		{B116449A-6EE0-4E01-A8C9-C3DAC92E689E}.Release|Any CPU.ActiveCfg = Release|Any CPU
		{B116449A-6EE0-4E01-A8C9-C3DAC92E689E}.Release|Any CPU.Build.0 = Release|Any CPU
		{4167E0D2-9839-47CE-AE19-38894228CBD1}.Debug|Any CPU.ActiveCfg = Debug|Any CPU
		{4167E0D2-9839-47CE-AE19-38894228CBD1}.Debug|Any CPU.Build.0 = Debug|Any CPU
		{4167E0D2-9839-47CE-AE19-38894228CBD1}.Release|Any CPU.ActiveCfg = Release|Any CPU
		{4167E0D2-9839-47CE-AE19-38894228CBD1}.Release|Any CPU.Build.0 = Release|Any CPU
		{D71B5520-E224-43AD-B253-472309543E3D}.Debug|Any CPU.ActiveCfg = Debug|Any CPU
		{D71B5520-E224-43AD-B253-472309543E3D}.Debug|Any CPU.Build.0 = Debug|Any CPU
		{D71B5520-E224-43AD-B253-472309543E3D}.Release|Any CPU.ActiveCfg = Release|Any CPU
		{D71B5520-E224-43AD-B253-472309543E3D}.Release|Any CPU.Build.0 = Release|Any CPU
		{38CBEE6F-E401-494A-B0F6-D0A61C5A0D14}.Debug|Any CPU.ActiveCfg = Debug|Any CPU
		{38CBEE6F-E401-494A-B0F6-D0A61C5A0D14}.Debug|Any CPU.Build.0 = Debug|Any CPU
		{38CBEE6F-E401-494A-B0F6-D0A61C5A0D14}.Release|Any CPU.ActiveCfg = Release|Any CPU
		{38CBEE6F-E401-494A-B0F6-D0A61C5A0D14}.Release|Any CPU.Build.0 = Release|Any CPU
		{1C1EFDB0-5633-4948-B459-602549C43937}.Debug|Any CPU.ActiveCfg = Debug|Any CPU
		{1C1EFDB0-5633-4948-B459-602549C43937}.Debug|Any CPU.Build.0 = Debug|Any CPU
		{1C1EFDB0-5633-4948-B459-602549C43937}.Release|Any CPU.ActiveCfg = Release|Any CPU
		{1C1EFDB0-5633-4948-B459-602549C43937}.Release|Any CPU.Build.0 = Release|Any CPU
		{508619BD-84C7-44B5-A1A1-AA7A386360F0}.Debug|Any CPU.ActiveCfg = Debug|Any CPU
		{508619BD-84C7-44B5-A1A1-AA7A386360F0}.Debug|Any CPU.Build.0 = Debug|Any CPU
		{508619BD-84C7-44B5-A1A1-AA7A386360F0}.Release|Any CPU.ActiveCfg = Release|Any CPU
		{508619BD-84C7-44B5-A1A1-AA7A386360F0}.Release|Any CPU.Build.0 = Release|Any CPU
		{DE3513B2-6B9B-4B1A-9BB3-34910024A1CF}.Debug|Any CPU.ActiveCfg = Debug|Any CPU
		{DE3513B2-6B9B-4B1A-9BB3-34910024A1CF}.Debug|Any CPU.Build.0 = Debug|Any CPU
		{DE3513B2-6B9B-4B1A-9BB3-34910024A1CF}.Release|Any CPU.ActiveCfg = Release|Any CPU
		{DE3513B2-6B9B-4B1A-9BB3-34910024A1CF}.Release|Any CPU.Build.0 = Release|Any CPU
		{DB193AC9-77B7-4B54-843B-F76F6235AF3F}.Debug|Any CPU.ActiveCfg = Debug|Any CPU
		{DB193AC9-77B7-4B54-843B-F76F6235AF3F}.Debug|Any CPU.Build.0 = Debug|Any CPU
		{DB193AC9-77B7-4B54-843B-F76F6235AF3F}.Release|Any CPU.ActiveCfg = Release|Any CPU
		{DB193AC9-77B7-4B54-843B-F76F6235AF3F}.Release|Any CPU.Build.0 = Release|Any CPU
		{CA58A661-3E00-4F81-8518-3BB659CC1F6B}.Debug|Any CPU.ActiveCfg = Debug|Any CPU
		{CA58A661-3E00-4F81-8518-3BB659CC1F6B}.Debug|Any CPU.Build.0 = Debug|Any CPU
		{CA58A661-3E00-4F81-8518-3BB659CC1F6B}.Release|Any CPU.ActiveCfg = Release|Any CPU
		{CA58A661-3E00-4F81-8518-3BB659CC1F6B}.Release|Any CPU.Build.0 = Release|Any CPU
		{5083E1E7-150A-47E3-97AD-9447C3430212}.Debug|Any CPU.ActiveCfg = Debug|Any CPU
		{5083E1E7-150A-47E3-97AD-9447C3430212}.Debug|Any CPU.Build.0 = Debug|Any CPU
		{5083E1E7-150A-47E3-97AD-9447C3430212}.Release|Any CPU.ActiveCfg = Release|Any CPU
		{5083E1E7-150A-47E3-97AD-9447C3430212}.Release|Any CPU.Build.0 = Release|Any CPU
		{F887B7A6-5397-4A6D-BF53-2B08AFD9C613}.Debug|Any CPU.ActiveCfg = Debug|Any CPU
		{F887B7A6-5397-4A6D-BF53-2B08AFD9C613}.Debug|Any CPU.Build.0 = Debug|Any CPU
		{F887B7A6-5397-4A6D-BF53-2B08AFD9C613}.Release|Any CPU.ActiveCfg = Release|Any CPU
		{F887B7A6-5397-4A6D-BF53-2B08AFD9C613}.Release|Any CPU.Build.0 = Release|Any CPU
		{35770B90-4B7A-4257-B264-F9E9E122B6A7}.Debug|Any CPU.ActiveCfg = Debug|Any CPU
		{35770B90-4B7A-4257-B264-F9E9E122B6A7}.Debug|Any CPU.Build.0 = Debug|Any CPU
		{35770B90-4B7A-4257-B264-F9E9E122B6A7}.Release|Any CPU.ActiveCfg = Release|Any CPU
		{35770B90-4B7A-4257-B264-F9E9E122B6A7}.Release|Any CPU.Build.0 = Release|Any CPU
	EndGlobalSection
	GlobalSection(SolutionProperties) = preSolution
		HideSolutionNode = FALSE
	EndGlobalSection
	GlobalSection(NestedProjects) = preSolution
		{7C4276CA-56A0-4949-B847-2BB053D3E6D4} = {C6CB8014-E4F6-414E-ABF4-023EFD3CCD05}
		{A0B491C9-33A2-4855-B5D2-3EAFE25B4D7F} = {3B8E908A-3D56-4EDC-A5E6-660FF48BE6B9}
		{1B5651E1-D553-4965-864D-D956A9B05EDE} = {3B8E908A-3D56-4EDC-A5E6-660FF48BE6B9}
		{E61EA8C5-3DED-474E-9B0C-CFB8E0D16AB4} = {3B8E908A-3D56-4EDC-A5E6-660FF48BE6B9}
		{28B3D59D-345F-45D4-9EB5-1074847CE0F3} = {3B8E908A-3D56-4EDC-A5E6-660FF48BE6B9}
		{4C99F126-9B45-424E-8FF5-63680D5EDE56} = {A5EE0D77-8E27-4579-9A9E-C9DCD0F9C22C}
		{2B09F495-1175-483E-9DFA-2DA250960A90} = {A5EE0D77-8E27-4579-9A9E-C9DCD0F9C22C}
		{6B7C8C86-87C3-4453-AB4E-F1AE430AFBD3} = {A5EE0D77-8E27-4579-9A9E-C9DCD0F9C22C}
		{8A074E71-1C8C-44B7-967D-B8FA63F6E852} = {A5EE0D77-8E27-4579-9A9E-C9DCD0F9C22C}
		{C9CAD5ED-7FFB-459F-A012-714B36B2BF21} = {A5EE0D77-8E27-4579-9A9E-C9DCD0F9C22C}
		{C1C970B9-7EFF-4451-BAFB-344CDBAB2464} = {A5EE0D77-8E27-4579-9A9E-C9DCD0F9C22C}
		{17390489-D1DA-4664-8DC6-FAEBB1EF1403} = {C1C970B9-7EFF-4451-BAFB-344CDBAB2464}
		{BA9A7B0F-50EF-4F94-9F56-B80087120363} = {C1C970B9-7EFF-4451-BAFB-344CDBAB2464}
		{8C1D2082-3D9E-4529-B68E-FB3258BBA41C} = {A5EE0D77-8E27-4579-9A9E-C9DCD0F9C22C}
		{6273603F-B174-4908-868F-3E1AC207845A} = {8C1D2082-3D9E-4529-B68E-FB3258BBA41C}
		{0E9AA571-8405-4250-9970-DA7A71E7D5DB} = {A5EE0D77-8E27-4579-9A9E-C9DCD0F9C22C}
		{2402B3BC-7BCC-4405-BE8C-332278B70F74} = {0E9AA571-8405-4250-9970-DA7A71E7D5DB}
		{BEB4E0FA-CB9E-4F7D-83D6-F50951D54CF2} = {0E9AA571-8405-4250-9970-DA7A71E7D5DB}
		{23B91F13-D263-44F7-B7B1-EFEA7786D671} = {0E9AA571-8405-4250-9970-DA7A71E7D5DB}
		{504DE0B2-EEC2-4212-9595-A7159A433912} = {0E9AA571-8405-4250-9970-DA7A71E7D5DB}
		{D0C23F1C-CA16-41A4-9382-BFB7A1DCD53F} = {0E9AA571-8405-4250-9970-DA7A71E7D5DB}
		{9F04774A-0878-4E13-A890-DAAF7315CA15} = {0E9AA571-8405-4250-9970-DA7A71E7D5DB}
		{1A090ABB-0642-4265-A872-F031741EBEEF} = {0E9AA571-8405-4250-9970-DA7A71E7D5DB}
		{92FBEA63-AD36-4A78-92B3-C8443F6FACCE} = {0E9AA571-8405-4250-9970-DA7A71E7D5DB}
		{10F52CD9-7F9C-4A7E-AF0F-EF7D48815317} = {0E9AA571-8405-4250-9970-DA7A71E7D5DB}
		{5AC379E4-BAC4-4854-A3C5-175C2FB8983A} = {8C1D2082-3D9E-4529-B68E-FB3258BBA41C}
		{394F5439-5F1D-4173-BAAA-5C2830B9DF51} = {5AC379E4-BAC4-4854-A3C5-175C2FB8983A}
		{06069A7A-C5D4-4C5A-9797-93B25526FCF0} = {A5EE0D77-8E27-4579-9A9E-C9DCD0F9C22C}
		{56660CF6-682F-47E0-BB93-894ABDA8B940} = {06069A7A-C5D4-4C5A-9797-93B25526FCF0}
		{FA5DB30C-DE40-4589-A3D8-05C1AA4DB439} = {06069A7A-C5D4-4C5A-9797-93B25526FCF0}
		{EB029D81-CD22-4027-9970-A27FA575F354} = {06069A7A-C5D4-4C5A-9797-93B25526FCF0}
		{FA04253C-85BC-44E4-9F85-C14BDC5A2B6B} = {06069A7A-C5D4-4C5A-9797-93B25526FCF0}
		{EECF68F9-56F9-4CD5-976F-16A8D23086D3} = {06069A7A-C5D4-4C5A-9797-93B25526FCF0}
		{1C541A24-0DE2-485D-B0CE-73BDC320D2FF} = {06069A7A-C5D4-4C5A-9797-93B25526FCF0}
		{E940B9F6-040A-41F8-96A9-DA7B07697EA7} = {5AC379E4-BAC4-4854-A3C5-175C2FB8983A}
		{8E46D37F-5AC4-433D-B47A-6DF027E25677} = {8C1D2082-3D9E-4529-B68E-FB3258BBA41C}
		{BE07A834-D141-4F94-BBE0-EA7160CA049E} = {8C1D2082-3D9E-4529-B68E-FB3258BBA41C}
		{22D3B5A5-16AB-4F4F-80D8-DA7509439D53} = {A5EE0D77-8E27-4579-9A9E-C9DCD0F9C22C}
		{17EB3102-2A7A-4E48-B892-195E67ACF761} = {5AC379E4-BAC4-4854-A3C5-175C2FB8983A}
		{02FF8D87-8285-44FE-910A-EAEA0D13BD27} = {06069A7A-C5D4-4C5A-9797-93B25526FCF0}
		{90544697-476F-4279-B7ED-5A8D3124C5F9} = {A5EE0D77-8E27-4579-9A9E-C9DCD0F9C22C}
		{4246349E-4BB2-42D8-9DF8-4F640470A33A} = {C1C970B9-7EFF-4451-BAFB-344CDBAB2464}
		{BE171C83-9757-458E-B90E-0341B9AF52FF} = {A5EE0D77-8E27-4579-9A9E-C9DCD0F9C22C}
		{284E5FDD-E0DE-4FF0-BC50-774B508DA592} = {8C1D2082-3D9E-4529-B68E-FB3258BBA41C}
		{041585B1-E5AA-43FE-A770-B7CD81368530} = {BE171C83-9757-458E-B90E-0341B9AF52FF}
		{C7A9EF2E-A025-49D7-B092-760977232413} = {A5EE0D77-8E27-4579-9A9E-C9DCD0F9C22C}
		{ECC74CBA-A662-4EFF-8FC7-6AA15799FE11} = {C7A9EF2E-A025-49D7-B092-760977232413}
		{B79F3090-8993-45AC-AAC3-B0FD1440A06B} = {C7A9EF2E-A025-49D7-B092-760977232413}
		{67DCBB0E-E59B-4180-9461-8FB10ED3F50A} = {C7A9EF2E-A025-49D7-B092-760977232413}
		{00966EA3-C350-4FFA-A0F7-6BB9D356036D} = {041585B1-E5AA-43FE-A770-B7CD81368530}
		{6DF9C405-2AAC-480A-89FE-EF36952D315E} = {041585B1-E5AA-43FE-A770-B7CD81368530}
		{0E55B286-349D-4AC1-9ACA-DFB717F89DC6} = {041585B1-E5AA-43FE-A770-B7CD81368530}
		{5B93A5C0-162E-4D3A-9EC3-6E8D5D498626} = {BE171C83-9757-458E-B90E-0341B9AF52FF}
		{06CBDC0C-AE8A-4680-909F-CFEDB74F9590} = {A5EE0D77-8E27-4579-9A9E-C9DCD0F9C22C}
		{9A215777-B604-4C0C-9B5F-2A762F7003E4} = {06CBDC0C-AE8A-4680-909F-CFEDB74F9590}
		{B116449A-6EE0-4E01-A8C9-C3DAC92E689E} = {C6CB8014-E4F6-414E-ABF4-023EFD3CCD05}
		{4167E0D2-9839-47CE-AE19-38894228CBD1} = {C6CB8014-E4F6-414E-ABF4-023EFD3CCD05}
		{6AC3D642-7543-49DF-A587-D1A75197D1C7} = {C6CB8014-E4F6-414E-ABF4-023EFD3CCD05}
		{D71B5520-E224-43AD-B253-472309543E3D} = {C6CB8014-E4F6-414E-ABF4-023EFD3CCD05}
		{38CBEE6F-E401-494A-B0F6-D0A61C5A0D14} = {C7A9EF2E-A025-49D7-B092-760977232413}
		{1C1EFDB0-5633-4948-B459-602549C43937} = {6AC3D642-7543-49DF-A587-D1A75197D1C7}
		{508619BD-84C7-44B5-A1A1-AA7A386360F0} = {6AC3D642-7543-49DF-A587-D1A75197D1C7}
		{DE3513B2-6B9B-4B1A-9BB3-34910024A1CF} = {6AC3D642-7543-49DF-A587-D1A75197D1C7}
		{DB193AC9-77B7-4B54-843B-F76F6235AF3F} = {A5EE0D77-8E27-4579-9A9E-C9DCD0F9C22C}
		{2AC09899-34CA-49DF-8D8A-6141190B4989} = {A5EE0D77-8E27-4579-9A9E-C9DCD0F9C22C}
		{4FFA410F-5EC1-42EC-BD05-65F63BCD3C2E} = {2AC09899-34CA-49DF-8D8A-6141190B4989}
		{57C3F28C-16DC-4F3D-BE6F-39AA9B4C80F2} = {2AC09899-34CA-49DF-8D8A-6141190B4989}
		{CA58A661-3E00-4F81-8518-3BB659CC1F6B} = {57C3F28C-16DC-4F3D-BE6F-39AA9B4C80F2}
		{5083E1E7-150A-47E3-97AD-9447C3430212} = {041585B1-E5AA-43FE-A770-B7CD81368530}
		{F887B7A6-5397-4A6D-BF53-2B08AFD9C613} = {041585B1-E5AA-43FE-A770-B7CD81368530}
		{35770B90-4B7A-4257-B264-F9E9E122B6A7} = {C7A9EF2E-A025-49D7-B092-760977232413}
	EndGlobalSection
	GlobalSection(ExtensibilityGlobals) = postSolution
		SolutionGuid = {6CEA96FC-781B-477D-BBC3-B49BCAA177F3}
	EndGlobalSection
EndGlobal
